
Microsoft Visual Studio Solution File, Format Version 12.00
# Visual Studio 15
VisualStudioVersion = 15.0.28307.168
MinimumVisualStudioVersion = 10.0.40219.1
Project("{2150E333-8FDC-42A3-9474-1A3956D46DE8}") = "tests", "tests", "{CC6A1BAA-F8AF-4E47-B5B0-7FAA8E6A7DC0}"
EndProject
Project("{2150E333-8FDC-42A3-9474-1A3956D46DE8}") = "src", "src", "{64EA2DD0-B523-4130-AC02-F2C2237B3B7B}"
EndProject
Project("{2150E333-8FDC-42A3-9474-1A3956D46DE8}") = "Unit", "Unit", "{E0FB94A5-01A8-4E00-A2D7-A819158F5BC5}"
EndProject
Project("{2150E333-8FDC-42A3-9474-1A3956D46DE8}") = "Integration", "Integration", "{038A38B6-ADA0-4BDC-B92B-C23F2225031E}"
EndProject
Project("{9A19103F-16F7-4668-BE54-9A1E7A4F7556}") = "Cds.Droid.Management.Api.Tests.Integration", "tests\Integration\Cds.Droid.Management.Api.Tests.Integration\Cds.Droid.Management.Api.Tests.Integration.csproj", "{279013C5-5F14-4145-93CC-2CEF71C6CA77}"
EndProject
Project("{9A19103F-16F7-4668-BE54-9A1E7A4F7556}") = "Cds.DroidManagement.Domain.Tests.Integration", "tests\Integration\Cds.DroidManagement.Domain.Tests.Integration\Cds.DroidManagement.Domain.Tests.Integration.csproj", "{A391D359-BAAC-4237-B481-54B6C250E28F}"
EndProject
Project("{9A19103F-16F7-4668-BE54-9A1E7A4F7556}") = "Cds.DroidManagement.Api.Tests.Unit", "tests\Unit\Cds.DroidManagement.Api.Tests.Unit\Cds.DroidManagement.Api.Tests.Unit.csproj", "{846190C7-8169-427C-B6DA-6797F81925CA}"
EndProject
Project("{9A19103F-16F7-4668-BE54-9A1E7A4F7556}") = "Cds.DroidManagement.Domain.Tests.Unit", "tests\Unit\Cds.DroidManagement.Domain.Tests.Unit\Cds.DroidManagement.Domain.Tests.Unit.csproj", "{3E45D3B1-4F5D-4FF6-82E5-3F2895556F3A}"
EndProject
Project("{9A19103F-16F7-4668-BE54-9A1E7A4F7556}") = "Cds.DroidManagement.Infrastructure.Tests.Unit", "tests\Unit\Cds.DroidManagement.Infrastructure.Tests.Unit\Cds.DroidManagement.Infrastructure.Tests.Unit.csproj", "{DC5190AA-B9C2-4E43-B6CF-7CBCB3DB31C5}"
EndProject
Project("{9A19103F-16F7-4668-BE54-9A1E7A4F7556}") = "Cds.DroidManagement.Api", "src\Api\Cds.DroidManagement.Api.csproj", "{EF3030F7-5098-4F10-8378-99670BE6AFA6}"
EndProject
Project("{9A19103F-16F7-4668-BE54-9A1E7A4F7556}") = "Cds.DroidManagement.Domain", "src\Domain\Cds.DroidManagement.Domain.csproj", "{25EE98B6-FCAF-4602-A9A3-C5629C97BE2F}"
EndProject
Project("{9A19103F-16F7-4668-BE54-9A1E7A4F7556}") = "Cds.DroidManagement.Infrastructure", "src\Infrastructure\Cds.DroidManagement.Infrastructure.csproj", "{E1F5540E-26F2-483E-9029-26476C80D2CD}"
EndProject
Global
	GlobalSection(SolutionConfigurationPlatforms) = preSolution
		Debug|Any CPU = Debug|Any CPU
		Release|Any CPU = Release|Any CPU
	EndGlobalSection
	GlobalSection(ProjectConfigurationPlatforms) = postSolution
		{279013C5-5F14-4145-93CC-2CEF71C6CA77}.Debug|Any CPU.ActiveCfg = Debug|Any CPU
		{279013C5-5F14-4145-93CC-2CEF71C6CA77}.Debug|Any CPU.Build.0 = Debug|Any CPU
		{279013C5-5F14-4145-93CC-2CEF71C6CA77}.Release|Any CPU.ActiveCfg = Release|Any CPU
		{279013C5-5F14-4145-93CC-2CEF71C6CA77}.Release|Any CPU.Build.0 = Release|Any CPU
		{A391D359-BAAC-4237-B481-54B6C250E28F}.Debug|Any CPU.ActiveCfg = Debug|Any CPU
		{A391D359-BAAC-4237-B481-54B6C250E28F}.Debug|Any CPU.Build.0 = Debug|Any CPU
		{A391D359-BAAC-4237-B481-54B6C250E28F}.Release|Any CPU.ActiveCfg = Release|Any CPU
		{A391D359-BAAC-4237-B481-54B6C250E28F}.Release|Any CPU.Build.0 = Release|Any CPU
		{846190C7-8169-427C-B6DA-6797F81925CA}.Debug|Any CPU.ActiveCfg = Debug|Any CPU
		{846190C7-8169-427C-B6DA-6797F81925CA}.Debug|Any CPU.Build.0 = Debug|Any CPU
		{846190C7-8169-427C-B6DA-6797F81925CA}.Release|Any CPU.ActiveCfg = Release|Any CPU
		{846190C7-8169-427C-B6DA-6797F81925CA}.Release|Any CPU.Build.0 = Release|Any CPU
		{3E45D3B1-4F5D-4FF6-82E5-3F2895556F3A}.Debug|Any CPU.ActiveCfg = Debug|Any CPU
		{3E45D3B1-4F5D-4FF6-82E5-3F2895556F3A}.Debug|Any CPU.Build.0 = Debug|Any CPU
		{3E45D3B1-4F5D-4FF6-82E5-3F2895556F3A}.Release|Any CPU.ActiveCfg = Release|Any CPU
		{3E45D3B1-4F5D-4FF6-82E5-3F2895556F3A}.Release|Any CPU.Build.0 = Release|Any CPU
		{DC5190AA-B9C2-4E43-B6CF-7CBCB3DB31C5}.Debug|Any CPU.ActiveCfg = Debug|Any CPU
		{DC5190AA-B9C2-4E43-B6CF-7CBCB3DB31C5}.Debug|Any CPU.Build.0 = Debug|Any CPU
		{DC5190AA-B9C2-4E43-B6CF-7CBCB3DB31C5}.Release|Any CPU.ActiveCfg = Release|Any CPU
		{DC5190AA-B9C2-4E43-B6CF-7CBCB3DB31C5}.Release|Any CPU.Build.0 = Release|Any CPU
		{EF3030F7-5098-4F10-8378-99670BE6AFA6}.Debug|Any CPU.ActiveCfg = Debug|Any CPU
		{EF3030F7-5098-4F10-8378-99670BE6AFA6}.Debug|Any CPU.Build.0 = Debug|Any CPU
		{EF3030F7-5098-4F10-8378-99670BE6AFA6}.Release|Any CPU.ActiveCfg = Release|Any CPU
		{EF3030F7-5098-4F10-8378-99670BE6AFA6}.Release|Any CPU.Build.0 = Release|Any CPU
		{25EE98B6-FCAF-4602-A9A3-C5629C97BE2F}.Debug|Any CPU.ActiveCfg = Debug|Any CPU
		{25EE98B6-FCAF-4602-A9A3-C5629C97BE2F}.Debug|Any CPU.Build.0 = Debug|Any CPU
		{25EE98B6-FCAF-4602-A9A3-C5629C97BE2F}.Release|Any CPU.ActiveCfg = Release|Any CPU
		{25EE98B6-FCAF-4602-A9A3-C5629C97BE2F}.Release|Any CPU.Build.0 = Release|Any CPU
		{E1F5540E-26F2-483E-9029-26476C80D2CD}.Debug|Any CPU.ActiveCfg = Debug|Any CPU
		{E1F5540E-26F2-483E-9029-26476C80D2CD}.Debug|Any CPU.Build.0 = Debug|Any CPU
		{E1F5540E-26F2-483E-9029-26476C80D2CD}.Release|Any CPU.ActiveCfg = Release|Any CPU
		{E1F5540E-26F2-483E-9029-26476C80D2CD}.Release|Any CPU.Build.0 = Release|Any CPU
	EndGlobalSection
	GlobalSection(SolutionProperties) = preSolution
		HideSolutionNode = FALSE
	EndGlobalSection
	GlobalSection(NestedProjects) = preSolution
		{E0FB94A5-01A8-4E00-A2D7-A819158F5BC5} = {CC6A1BAA-F8AF-4E47-B5B0-7FAA8E6A7DC0}
		{038A38B6-ADA0-4BDC-B92B-C23F2225031E} = {CC6A1BAA-F8AF-4E47-B5B0-7FAA8E6A7DC0}
		{279013C5-5F14-4145-93CC-2CEF71C6CA77} = {038A38B6-ADA0-4BDC-B92B-C23F2225031E}
		{A391D359-BAAC-4237-B481-54B6C250E28F} = {038A38B6-ADA0-4BDC-B92B-C23F2225031E}
		{846190C7-8169-427C-B6DA-6797F81925CA} = {E0FB94A5-01A8-4E00-A2D7-A819158F5BC5}
		{3E45D3B1-4F5D-4FF6-82E5-3F2895556F3A} = {E0FB94A5-01A8-4E00-A2D7-A819158F5BC5}
		{DC5190AA-B9C2-4E43-B6CF-7CBCB3DB31C5} = {E0FB94A5-01A8-4E00-A2D7-A819158F5BC5}
		{EF3030F7-5098-4F10-8378-99670BE6AFA6} = {64EA2DD0-B523-4130-AC02-F2C2237B3B7B}
		{25EE98B6-FCAF-4602-A9A3-C5629C97BE2F} = {64EA2DD0-B523-4130-AC02-F2C2237B3B7B}
		{E1F5540E-26F2-483E-9029-26476C80D2CD} = {64EA2DD0-B523-4130-AC02-F2C2237B3B7B}
	EndGlobalSection
	GlobalSection(ExtensibilityGlobals) = postSolution
		SolutionGuid = {B11C4573-2A5B-445B-A7F4-DA28818ECC00}
	EndGlobalSection
EndGlobal
